// !$*UTF8*$!
{
	archiveVersion = 1;
	classes = {
	};
	objectVersion = 46;
	objects = {

/* Begin PBXBuildFile section */
		9C0B2F851EAAE3870030AB3B /* Extension_Array.swift in Sources */ = {isa = PBXBuildFile; fileRef = 9C0B2F4F1EAAE3870030AB3B /* Extension_Array.swift */; };
		9C0B2F861EAAE3870030AB3B /* Extension_CGRect.swift in Sources */ = {isa = PBXBuildFile; fileRef = 9C0B2F501EAAE3870030AB3B /* Extension_CGRect.swift */; };
		9C0B2F871EAAE3870030AB3B /* Extension_String.swift in Sources */ = {isa = PBXBuildFile; fileRef = 9C0B2F511EAAE3870030AB3B /* Extension_String.swift */; };
		9C0B2F881EAAE3870030AB3B /* Extension_UIColor.swift in Sources */ = {isa = PBXBuildFile; fileRef = 9C0B2F521EAAE3870030AB3B /* Extension_UIColor.swift */; };
		9C0B2F8A1EAAE3870030AB3B /* Json.swift in Sources */ = {isa = PBXBuildFile; fileRef = 9C0B2F551EAAE3870030AB3B /* Json.swift */; };
		9C0B2F8B1EAAE3870030AB3B /* Network.swift in Sources */ = {isa = PBXBuildFile; fileRef = 9C0B2F561EAAE3870030AB3B /* Network.swift */; };
		9C0B2F8D1EAAE3870030AB3B /* SessionDelegate.swift in Sources */ = {isa = PBXBuildFile; fileRef = 9C0B2F581EAAE3870030AB3B /* SessionDelegate.swift */; };
		9C0B2F8E1EAAE3870030AB3B /* Socket.c in Sources */ = {isa = PBXBuildFile; fileRef = 9C0B2F591EAAE3870030AB3B /* Socket.c */; };
		9C0B2F8F1EAAE3870030AB3B /* Socket.swift in Sources */ = {isa = PBXBuildFile; fileRef = 9C0B2F5A1EAAE3870030AB3B /* Socket.swift */; };
		9C0B2F901EAAE3870030AB3B /* NotifierProtocol.swift in Sources */ = {isa = PBXBuildFile; fileRef = 9C0B2F5C1EAAE3870030AB3B /* NotifierProtocol.swift */; };
		9C0B2F911EAAE3870030AB3B /* QueueProtocol.swift in Sources */ = {isa = PBXBuildFile; fileRef = 9C0B2F5D1EAAE3870030AB3B /* QueueProtocol.swift */; };
		9C0B2FA01EAAE3870030AB3B /* DiskManager.swift in Sources */ = {isa = PBXBuildFile; fileRef = 9C0B2F771EAAE3870030AB3B /* DiskManager.swift */; };
		9C0B2FA11EAAE3870030AB3B /* ToolBox.swift in Sources */ = {isa = PBXBuildFile; fileRef = 9C0B2F781EAAE3870030AB3B /* ToolBox.swift */; };
		9C0B2FA21EAAE3870030AB3B /* Alert.swift in Sources */ = {isa = PBXBuildFile; fileRef = 9C0B2F7A1EAAE3870030AB3B /* Alert.swift */; };
		9C0B2FA31EAAE3870030AB3B /* Button.swift in Sources */ = {isa = PBXBuildFile; fileRef = 9C0B2F7B1EAAE3870030AB3B /* Button.swift */; };
		9C0B2FA41EAAE3870030AB3B /* HintStatusBar.swift in Sources */ = {isa = PBXBuildFile; fileRef = 9C0B2F7C1EAAE3870030AB3B /* HintStatusBar.swift */; };
		9C0B2FA51EAAE3870030AB3B /* HintView.swift in Sources */ = {isa = PBXBuildFile; fileRef = 9C0B2F7D1EAAE3870030AB3B /* HintView.swift */; };
		9C0B2FA61EAAE3870030AB3B /* ImageView.swift in Sources */ = {isa = PBXBuildFile; fileRef = 9C0B2F7E1EAAE3870030AB3B /* ImageView.swift */; };
		9C0B2FA71EAAE3870030AB3B /* TableView.swift in Sources */ = {isa = PBXBuildFile; fileRef = 9C0B2F7F1EAAE3870030AB3B /* TableView.swift */; };
		9C0B2FA81EAAE3870030AB3B /* View.swift in Sources */ = {isa = PBXBuildFile; fileRef = 9C0B2F801EAAE3870030AB3B /* View.swift */; };
		9C0B2FA91EAAE3870030AB3B /* Layouter.swift in Sources */ = {isa = PBXBuildFile; fileRef = 9C0B2F821EAAE3870030AB3B /* Layouter.swift */; };
		9CC383C21EAAD80C00C406A0 /* AppDelegate.swift in Sources */ = {isa = PBXBuildFile; fileRef = 9CC383C11EAAD80C00C406A0 /* AppDelegate.swift */; };
		9CC383C71EAAD80C00C406A0 /* Main.storyboard in Resources */ = {isa = PBXBuildFile; fileRef = 9CC383C51EAAD80C00C406A0 /* Main.storyboard */; };
		9CC383C91EAAD80C00C406A0 /* Assets.xcassets in Resources */ = {isa = PBXBuildFile; fileRef = 9CC383C81EAAD80C00C406A0 /* Assets.xcassets */; };
		9CC383CC1EAAD80C00C406A0 /* LaunchScreen.storyboard in Resources */ = {isa = PBXBuildFile; fileRef = 9CC383CA1EAAD80C00C406A0 /* LaunchScreen.storyboard */; };
		9CC383DD1EAAD94A00C406A0 /* ListController.swift in Sources */ = {isa = PBXBuildFile; fileRef = 9CC383DC1EAAD94A00C406A0 /* ListController.swift */; };
		9CC383DF1EAAD96500C406A0 /* ChatController.swift in Sources */ = {isa = PBXBuildFile; fileRef = 9CC383DE1EAAD96500C406A0 /* ChatController.swift */; };
		9CC383E11EAAD99700C406A0 /* InfoController.swift in Sources */ = {isa = PBXBuildFile; fileRef = 9CC383E01EAAD99700C406A0 /* InfoController.swift */; };
		9CC383E31EAAE13200C406A0 /* AppData.swift in Sources */ = {isa = PBXBuildFile; fileRef = 9CC383E21EAAE13200C406A0 /* AppData.swift */; };
/* End PBXBuildFile section */

/* Begin PBXFileReference section */
		9C0B2F4F1EAAE3870030AB3B /* Extension_Array.swift */ = {isa = PBXFileReference; fileEncoding = 4; lastKnownFileType = sourcecode.swift; path = Extension_Array.swift; sourceTree = "<group>"; };
		9C0B2F501EAAE3870030AB3B /* Extension_CGRect.swift */ = {isa = PBXFileReference; fileEncoding = 4; lastKnownFileType = sourcecode.swift; path = Extension_CGRect.swift; sourceTree = "<group>"; };
		9C0B2F511EAAE3870030AB3B /* Extension_String.swift */ = {isa = PBXFileReference; fileEncoding = 4; lastKnownFileType = sourcecode.swift; path = Extension_String.swift; sourceTree = "<group>"; };
		9C0B2F521EAAE3870030AB3B /* Extension_UIColor.swift */ = {isa = PBXFileReference; fileEncoding = 4; lastKnownFileType = sourcecode.swift; path = Extension_UIColor.swift; sourceTree = "<group>"; };
		9C0B2F531EAAE3870030AB3B /* README.md */ = {isa = PBXFileReference; fileEncoding = 4; lastKnownFileType = net.daringfireball.markdown; path = README.md; sourceTree = "<group>"; };
		9C0B2F551EAAE3870030AB3B /* Json.swift */ = {isa = PBXFileReference; fileEncoding = 4; lastKnownFileType = sourcecode.swift; path = Json.swift; sourceTree = "<group>"; };
		9C0B2F561EAAE3870030AB3B /* Network.swift */ = {isa = PBXFileReference; fileEncoding = 4; lastKnownFileType = sourcecode.swift; path = Network.swift; sourceTree = "<group>"; };
		9C0B2F571EAAE3870030AB3B /* README.md */ = {isa = PBXFileReference; fileEncoding = 4; lastKnownFileType = net.daringfireball.markdown; path = README.md; sourceTree = "<group>"; };
		9C0B2F581EAAE3870030AB3B /* SessionDelegate.swift */ = {isa = PBXFileReference; fileEncoding = 4; lastKnownFileType = sourcecode.swift; path = SessionDelegate.swift; sourceTree = "<group>"; };
		9C0B2F591EAAE3870030AB3B /* Socket.c */ = {isa = PBXFileReference; fileEncoding = 4; lastKnownFileType = sourcecode.c.c; path = Socket.c; sourceTree = "<group>"; };
		9C0B2F5A1EAAE3870030AB3B /* Socket.swift */ = {isa = PBXFileReference; fileEncoding = 4; lastKnownFileType = sourcecode.swift; path = Socket.swift; sourceTree = "<group>"; };
		9C0B2F5C1EAAE3870030AB3B /* NotifierProtocol.swift */ = {isa = PBXFileReference; fileEncoding = 4; lastKnownFileType = sourcecode.swift; path = NotifierProtocol.swift; sourceTree = "<group>"; };
		9C0B2F5D1EAAE3870030AB3B /* QueueProtocol.swift */ = {isa = PBXFileReference; fileEncoding = 4; lastKnownFileType = sourcecode.swift; path = QueueProtocol.swift; sourceTree = "<group>"; };
		9C0B2F5E1EAAE3870030AB3B /* README.md */ = {isa = PBXFileReference; fileEncoding = 4; lastKnownFileType = net.daringfireball.markdown; path = README.md; sourceTree = "<group>"; };
		9C0B2F5F1EAAE3870030AB3B /* README.md */ = {isa = PBXFileReference; fileEncoding = 4; lastKnownFileType = net.daringfireball.markdown; path = README.md; sourceTree = "<group>"; };
		9C0B2F771EAAE3870030AB3B /* DiskManager.swift */ = {isa = PBXFileReference; fileEncoding = 4; lastKnownFileType = sourcecode.swift; path = DiskManager.swift; sourceTree = "<group>"; };
		9C0B2F781EAAE3870030AB3B /* ToolBox.swift */ = {isa = PBXFileReference; fileEncoding = 4; lastKnownFileType = sourcecode.swift; path = ToolBox.swift; sourceTree = "<group>"; };
		9C0B2F7A1EAAE3870030AB3B /* Alert.swift */ = {isa = PBXFileReference; fileEncoding = 4; lastKnownFileType = sourcecode.swift; path = Alert.swift; sourceTree = "<group>"; };
		9C0B2F7B1EAAE3870030AB3B /* Button.swift */ = {isa = PBXFileReference; fileEncoding = 4; lastKnownFileType = sourcecode.swift; path = Button.swift; sourceTree = "<group>"; };
		9C0B2F7C1EAAE3870030AB3B /* HintStatusBar.swift */ = {isa = PBXFileReference; fileEncoding = 4; lastKnownFileType = sourcecode.swift; path = HintStatusBar.swift; sourceTree = "<group>"; };
		9C0B2F7D1EAAE3870030AB3B /* HintView.swift */ = {isa = PBXFileReference; fileEncoding = 4; lastKnownFileType = sourcecode.swift; path = HintView.swift; sourceTree = "<group>"; };
		9C0B2F7E1EAAE3870030AB3B /* ImageView.swift */ = {isa = PBXFileReference; fileEncoding = 4; lastKnownFileType = sourcecode.swift; path = ImageView.swift; sourceTree = "<group>"; };
		9C0B2F7F1EAAE3870030AB3B /* TableView.swift */ = {isa = PBXFileReference; fileEncoding = 4; lastKnownFileType = sourcecode.swift; path = TableView.swift; sourceTree = "<group>"; };
		9C0B2F801EAAE3870030AB3B /* View.swift */ = {isa = PBXFileReference; fileEncoding = 4; lastKnownFileType = sourcecode.swift; path = View.swift; sourceTree = "<group>"; };
		9C0B2F821EAAE3870030AB3B /* Layouter.swift */ = {isa = PBXFileReference; fileEncoding = 4; lastKnownFileType = sourcecode.swift; path = Layouter.swift; sourceTree = "<group>"; };
		9C0B2F831EAAE3870030AB3B /* README.md */ = {isa = PBXFileReference; fileEncoding = 4; lastKnownFileType = net.daringfireball.markdown; path = README.md; sourceTree = "<group>"; };
		9CC383BE1EAAD80C00C406A0 /* SocketChat.app */ = {isa = PBXFileReference; explicitFileType = wrapper.application; includeInIndex = 0; path = SocketChat.app; sourceTree = BUILT_PRODUCTS_DIR; };
		9CC383C11EAAD80C00C406A0 /* AppDelegate.swift */ = {isa = PBXFileReference; lastKnownFileType = sourcecode.swift; path = AppDelegate.swift; sourceTree = "<group>"; };
		9CC383C61EAAD80C00C406A0 /* Base */ = {isa = PBXFileReference; lastKnownFileType = file.storyboard; name = Base; path = Base.lproj/Main.storyboard; sourceTree = "<group>"; };
		9CC383C81EAAD80C00C406A0 /* Assets.xcassets */ = {isa = PBXFileReference; lastKnownFileType = folder.assetcatalog; path = Assets.xcassets; sourceTree = "<group>"; };
		9CC383CB1EAAD80C00C406A0 /* Base */ = {isa = PBXFileReference; lastKnownFileType = file.storyboard; name = Base; path = Base.lproj/LaunchScreen.storyboard; sourceTree = "<group>"; };
		9CC383CD1EAAD80C00C406A0 /* Info.plist */ = {isa = PBXFileReference; lastKnownFileType = text.plist.xml; path = Info.plist; sourceTree = "<group>"; };
		9CC383DC1EAAD94A00C406A0 /* ListController.swift */ = {isa = PBXFileReference; fileEncoding = 4; lastKnownFileType = sourcecode.swift; path = ListController.swift; sourceTree = "<group>"; };
		9CC383DE1EAAD96500C406A0 /* ChatController.swift */ = {isa = PBXFileReference; fileEncoding = 4; lastKnownFileType = sourcecode.swift; path = ChatController.swift; sourceTree = "<group>"; };
		9CC383E01EAAD99700C406A0 /* InfoController.swift */ = {isa = PBXFileReference; fileEncoding = 4; lastKnownFileType = sourcecode.swift; path = InfoController.swift; sourceTree = "<group>"; };
		9CC383E21EAAE13200C406A0 /* AppData.swift */ = {isa = PBXFileReference; fileEncoding = 4; lastKnownFileType = sourcecode.swift; path = AppData.swift; sourceTree = "<group>"; };
/* End PBXFileReference section */

/* Begin PBXFrameworksBuildPhase section */
		9CC383BB1EAAD80C00C406A0 /* Frameworks */ = {
			isa = PBXFrameworksBuildPhase;
			buildActionMask = 2147483647;
			files = (
			);
			runOnlyForDeploymentPostprocessing = 0;
		};
/* End PBXFrameworksBuildPhase section */

/* Begin PBXGroup section */
		9C0B2F4C1EAAE3870030AB3B /* ToolBox */ = {
			isa = PBXGroup;
			children = (
				9C0B2F4E1EAAE3870030AB3B /* Extension */,
				9C0B2F541EAAE3870030AB3B /* Network */,
				9C0B2F5B1EAAE3870030AB3B /* Protocols */,
				9C0B2F5F1EAAE3870030AB3B /* README.md */,
				9C0B2F761EAAE3870030AB3B /* Tools */,
				9C0B2F791EAAE3870030AB3B /* UIKit */,
				9C0B2F811EAAE3870030AB3B /* UITools */,
			);
			name = ToolBox;
			path = ../../../../ToolBox;
			sourceTree = "<group>";
		};
		9C0B2F4E1EAAE3870030AB3B /* Extension */ = {
			isa = PBXGroup;
			children = (
				9C0B2F4F1EAAE3870030AB3B /* Extension_Array.swift */,
				9C0B2F501EAAE3870030AB3B /* Extension_CGRect.swift */,
				9C0B2F511EAAE3870030AB3B /* Extension_String.swift */,
				9C0B2F521EAAE3870030AB3B /* Extension_UIColor.swift */,
				9C0B2F531EAAE3870030AB3B /* README.md */,
			);
			path = Extension;
			sourceTree = "<group>";
		};
		9C0B2F541EAAE3870030AB3B /* Network */ = {
			isa = PBXGroup;
			children = (
				9C0B2F551EAAE3870030AB3B /* Json.swift */,
				9C0B2F561EAAE3870030AB3B /* Network.swift */,
				9C0B2F581EAAE3870030AB3B /* SessionDelegate.swift */,
				9C0B2F591EAAE3870030AB3B /* Socket.c */,
				9C0B2F5A1EAAE3870030AB3B /* Socket.swift */,
				9C0B2F571EAAE3870030AB3B /* README.md */,
			);
			path = Network;
			sourceTree = "<group>";
		};
		9C0B2F5B1EAAE3870030AB3B /* Protocols */ = {
			isa = PBXGroup;
			children = (
				9C0B2F5C1EAAE3870030AB3B /* NotifierProtocol.swift */,
				9C0B2F5D1EAAE3870030AB3B /* QueueProtocol.swift */,
				9C0B2F5E1EAAE3870030AB3B /* README.md */,
			);
			path = Protocols;
			sourceTree = "<group>";
		};
		9C0B2F761EAAE3870030AB3B /* Tools */ = {
			isa = PBXGroup;
			children = (
				9C0B2F771EAAE3870030AB3B /* DiskManager.swift */,
				9C0B2F781EAAE3870030AB3B /* ToolBox.swift */,
			);
			path = Tools;
			sourceTree = "<group>";
		};
		9C0B2F791EAAE3870030AB3B /* UIKit */ = {
			isa = PBXGroup;
			children = (
				9C0B2F7A1EAAE3870030AB3B /* Alert.swift */,
				9C0B2F7B1EAAE3870030AB3B /* Button.swift */,
				9C0B2F7C1EAAE3870030AB3B /* HintStatusBar.swift */,
				9C0B2F7D1EAAE3870030AB3B /* HintView.swift */,
				9C0B2F7E1EAAE3870030AB3B /* ImageView.swift */,
				9C0B2F7F1EAAE3870030AB3B /* TableView.swift */,
				9C0B2F801EAAE3870030AB3B /* View.swift */,
			);
			path = UIKit;
			sourceTree = "<group>";
		};
		9C0B2F811EAAE3870030AB3B /* UITools */ = {
			isa = PBXGroup;
			children = (
				9C0B2F821EAAE3870030AB3B /* Layouter.swift */,
				9C0B2F831EAAE3870030AB3B /* README.md */,
			);
			path = UITools;
			sourceTree = "<group>";
		};
		9CC383B51EAAD80C00C406A0 = {
			isa = PBXGroup;
			children = (
				9CC383C01EAAD80C00C406A0 /* SocketChat */,
				9CC383BF1EAAD80C00C406A0 /* Products */,
			);
			sourceTree = "<group>";
		};
		9CC383BF1EAAD80C00C406A0 /* Products */ = {
			isa = PBXGroup;
			children = (
				9CC383BE1EAAD80C00C406A0 /* SocketChat.app */,
			);
			name = Products;
			sourceTree = "<group>";
		};
		9CC383C01EAAD80C00C406A0 /* SocketChat */ = {
			isa = PBXGroup;
			children = (
				9CC383D31EAAD82000C406A0 /* App Resource */,
				9CC383D51EAAD8E900C406A0 /* Library */,
				9CC383D41EAAD8E900C406A0 /* Controller */,
				9CC383D81EAAD8E900C406A0 /* Model */,
				9CC383D91EAAD8E900C406A0 /* View */,
			);
			path = SocketChat;
			sourceTree = "<group>";
		};
		9CC383D31EAAD82000C406A0 /* App Resource */ = {
			isa = PBXGroup;
			children = (
				9CC383C11EAAD80C00C406A0 /* AppDelegate.swift */,
				9CC383C51EAAD80C00C406A0 /* Main.storyboard */,
				9CC383C81EAAD80C00C406A0 /* Assets.xcassets */,
				9CC383CA1EAAD80C00C406A0 /* LaunchScreen.storyboard */,
				9CC383CD1EAAD80C00C406A0 /* Info.plist */,
			);
			name = "App Resource";
			sourceTree = "<group>";
		};
		9CC383D41EAAD8E900C406A0 /* Controller */ = {
			isa = PBXGroup;
			children = (
				9CC383DC1EAAD94A00C406A0 /* ListController.swift */,
				9CC383DE1EAAD96500C406A0 /* ChatController.swift */,
				9CC383E01EAAD99700C406A0 /* InfoController.swift */,
			);
			path = Controller;
			sourceTree = "<group>";
		};
		9CC383D51EAAD8E900C406A0 /* Library */ = {
			isa = PBXGroup;
			children = (
				9C0B2F4C1EAAE3870030AB3B /* ToolBox */,
			);
			path = Library;
			sourceTree = "<group>";
		};
		9CC383D81EAAD8E900C406A0 /* Model */ = {
			isa = PBXGroup;
			children = (
				9CC383E21EAAE13200C406A0 /* AppData.swift */,
			);
			path = Model;
			sourceTree = "<group>";
		};
		9CC383D91EAAD8E900C406A0 /* View */ = {
			isa = PBXGroup;
			children = (
			);
			path = View;
			sourceTree = "<group>";
		};
/* End PBXGroup section */

/* Begin PBXNativeTarget section */
		9CC383BD1EAAD80C00C406A0 /* SocketChat */ = {
			isa = PBXNativeTarget;
			buildConfigurationList = 9CC383D01EAAD80C00C406A0 /* Build configuration list for PBXNativeTarget "SocketChat" */;
			buildPhases = (
				9CC383BA1EAAD80C00C406A0 /* Sources */,
				9CC383BB1EAAD80C00C406A0 /* Frameworks */,
				9CC383BC1EAAD80C00C406A0 /* Resources */,
			);
			buildRules = (
			);
			dependencies = (
			);
			name = SocketChat;
			productName = SocketChat;
			productReference = 9CC383BE1EAAD80C00C406A0 /* SocketChat.app */;
			productType = "com.apple.product-type.application";
		};
/* End PBXNativeTarget section */

/* Begin PBXProject section */
		9CC383B61EAAD80C00C406A0 /* Project object */ = {
			isa = PBXProject;
			attributes = {
				LastSwiftUpdateCheck = 0830;
				LastUpgradeCheck = 0830;
				ORGANIZATIONNAME = myron;
				TargetAttributes = {
					9CC383BD1EAAD80C00C406A0 = {
						CreatedOnToolsVersion = 8.3.1;
						ProvisioningStyle = Automatic;
					};
				};
			};
			buildConfigurationList = 9CC383B91EAAD80C00C406A0 /* Build configuration list for PBXProject "SocketChat" */;
			compatibilityVersion = "Xcode 3.2";
			developmentRegion = English;
			hasScannedForEncodings = 0;
			knownRegions = (
				en,
				Base,
			);
			mainGroup = 9CC383B51EAAD80C00C406A0;
			productRefGroup = 9CC383BF1EAAD80C00C406A0 /* Products */;
			projectDirPath = "";
			projectRoot = "";
			targets = (
				9CC383BD1EAAD80C00C406A0 /* SocketChat */,
			);
		};
/* End PBXProject section */

/* Begin PBXResourcesBuildPhase section */
		9CC383BC1EAAD80C00C406A0 /* Resources */ = {
			isa = PBXResourcesBuildPhase;
			buildActionMask = 2147483647;
			files = (
				9CC383CC1EAAD80C00C406A0 /* LaunchScreen.storyboard in Resources */,
				9CC383C91EAAD80C00C406A0 /* Assets.xcassets in Resources */,
				9CC383C71EAAD80C00C406A0 /* Main.storyboard in Resources */,
			);
			runOnlyForDeploymentPostprocessing = 0;
		};
/* End PBXResourcesBuildPhase section */

/* Begin PBXSourcesBuildPhase section */
		9CC383BA1EAAD80C00C406A0 /* Sources */ = {
			isa = PBXSourcesBuildPhase;
			buildActionMask = 2147483647;
			files = (
				9C0B2F8F1EAAE3870030AB3B /* Socket.swift in Sources */,
				9C0B2F911EAAE3870030AB3B /* QueueProtocol.swift in Sources */,
				9C0B2F8E1EAAE3870030AB3B /* Socket.c in Sources */,
				9CC383C21EAAD80C00C406A0 /* AppDelegate.swift in Sources */,
				9C0B2FA11EAAE3870030AB3B /* ToolBox.swift in Sources */,
				9CC383DF1EAAD96500C406A0 /* ChatController.swift in Sources */,
				9C0B2FA01EAAE3870030AB3B /* DiskManager.swift in Sources */,
				9C0B2FA41EAAE3870030AB3B /* HintStatusBar.swift in Sources */,
				9C0B2FA81EAAE3870030AB3B /* View.swift in Sources */,
				9C0B2F8B1EAAE3870030AB3B /* Network.swift in Sources */,
				9C0B2FA61EAAE3870030AB3B /* ImageView.swift in Sources */,
				9CC383DD1EAAD94A00C406A0 /* ListController.swift in Sources */,
				9C0B2FA91EAAE3870030AB3B /* Layouter.swift in Sources */,
				9C0B2F851EAAE3870030AB3B /* Extension_Array.swift in Sources */,
				9C0B2F881EAAE3870030AB3B /* Extension_UIColor.swift in Sources */,
				9C0B2F8A1EAAE3870030AB3B /* Json.swift in Sources */,
				9C0B2F871EAAE3870030AB3B /* Extension_String.swift in Sources */,
				9C0B2F901EAAE3870030AB3B /* NotifierProtocol.swift in Sources */,
				9C0B2FA51EAAE3870030AB3B /* HintView.swift in Sources */,
				9CC383E11EAAD99700C406A0 /* InfoController.swift in Sources */,
				9C0B2FA21EAAE3870030AB3B /* Alert.swift in Sources */,
				9CC383E31EAAE13200C406A0 /* AppData.swift in Sources */,
				9C0B2FA31EAAE3870030AB3B /* Button.swift in Sources */,
				9C0B2FA71EAAE3870030AB3B /* TableView.swift in Sources */,
				9C0B2F861EAAE3870030AB3B /* Extension_CGRect.swift in Sources */,
				9C0B2F8D1EAAE3870030AB3B /* SessionDelegate.swift in Sources */,
			);
			runOnlyForDeploymentPostprocessing = 0;
		};
/* End PBXSourcesBuildPhase section */

/* Begin PBXVariantGroup section */
		9CC383C51EAAD80C00C406A0 /* Main.storyboard */ = {
			isa = PBXVariantGroup;
			children = (
				9CC383C61EAAD80C00C406A0 /* Base */,
			);
			name = Main.storyboard;
			sourceTree = "<group>";
		};
		9CC383CA1EAAD80C00C406A0 /* LaunchScreen.storyboard */ = {
			isa = PBXVariantGroup;
			children = (
				9CC383CB1EAAD80C00C406A0 /* Base */,
			);
			name = LaunchScreen.storyboard;
			sourceTree = "<group>";
		};
/* End PBXVariantGroup section */

/* Begin XCBuildConfiguration section */
		9CC383CE1EAAD80C00C406A0 /* Debug */ = {
			isa = XCBuildConfiguration;
			buildSettings = {
				ALWAYS_SEARCH_USER_PATHS = NO;
				CLANG_ANALYZER_NONNULL = YES;
				CLANG_ANALYZER_NUMBER_OBJECT_CONVERSION = YES_AGGRESSIVE;
				CLANG_CXX_LANGUAGE_STANDARD = "gnu++0x";
				CLANG_CXX_LIBRARY = "libc++";
				CLANG_ENABLE_MODULES = YES;
				CLANG_ENABLE_OBJC_ARC = YES;
				CLANG_WARN_BOOL_CONVERSION = YES;
				CLANG_WARN_CONSTANT_CONVERSION = YES;
				CLANG_WARN_DIRECT_OBJC_ISA_USAGE = YES_ERROR;
				CLANG_WARN_DOCUMENTATION_COMMENTS = YES;
				CLANG_WARN_EMPTY_BODY = YES;
				CLANG_WARN_ENUM_CONVERSION = YES;
				CLANG_WARN_INFINITE_RECURSION = YES;
				CLANG_WARN_INT_CONVERSION = YES;
				CLANG_WARN_OBJC_ROOT_CLASS = YES_ERROR;
				CLANG_WARN_SUSPICIOUS_MOVE = YES;
				CLANG_WARN_UNREACHABLE_CODE = YES;
				CLANG_WARN__DUPLICATE_METHOD_MATCH = YES;
				"CODE_SIGN_IDENTITY[sdk=iphoneos*]" = "iPhone Developer";
				COPY_PHASE_STRIP = NO;
				DEBUG_INFORMATION_FORMAT = dwarf;
				ENABLE_STRICT_OBJC_MSGSEND = YES;
				ENABLE_TESTABILITY = YES;
				GCC_C_LANGUAGE_STANDARD = gnu99;
				GCC_DYNAMIC_NO_PIC = NO;
				GCC_NO_COMMON_BLOCKS = YES;
				GCC_OPTIMIZATION_LEVEL = 0;
				GCC_PREPROCESSOR_DEFINITIONS = (
					"DEBUG=1",
					"$(inherited)",
				);
				GCC_WARN_64_TO_32_BIT_CONVERSION = YES;
				GCC_WARN_ABOUT_RETURN_TYPE = YES_ERROR;
				GCC_WARN_UNDECLARED_SELECTOR = YES;
				GCC_WARN_UNINITIALIZED_AUTOS = YES_AGGRESSIVE;
				GCC_WARN_UNUSED_FUNCTION = YES;
				GCC_WARN_UNUSED_VARIABLE = YES;
				IPHONEOS_DEPLOYMENT_TARGET = 10.3;
				MTL_ENABLE_DEBUG_INFO = YES;
				ONLY_ACTIVE_ARCH = YES;
				SDKROOT = iphoneos;
				SWIFT_ACTIVE_COMPILATION_CONDITIONS = DEBUG;
				SWIFT_OPTIMIZATION_LEVEL = "-Onone";
				TARGETED_DEVICE_FAMILY = "1,2";
			};
			name = Debug;
		};
		9CC383CF1EAAD80C00C406A0 /* Release */ = {
			isa = XCBuildConfiguration;
			buildSettings = {
				ALWAYS_SEARCH_USER_PATHS = NO;
				CLANG_ANALYZER_NONNULL = YES;
				CLANG_ANALYZER_NUMBER_OBJECT_CONVERSION = YES_AGGRESSIVE;
				CLANG_CXX_LANGUAGE_STANDARD = "gnu++0x";
				CLANG_CXX_LIBRARY = "libc++";
				CLANG_ENABLE_MODULES = YES;
				CLANG_ENABLE_OBJC_ARC = YES;
				CLANG_WARN_BOOL_CONVERSION = YES;
				CLANG_WARN_CONSTANT_CONVERSION = YES;
				CLANG_WARN_DIRECT_OBJC_ISA_USAGE = YES_ERROR;
				CLANG_WARN_DOCUMENTATION_COMMENTS = YES;
				CLANG_WARN_EMPTY_BODY = YES;
				CLANG_WARN_ENUM_CONVERSION = YES;
				CLANG_WARN_INFINITE_RECURSION = YES;
				CLANG_WARN_INT_CONVERSION = YES;
				CLANG_WARN_OBJC_ROOT_CLASS = YES_ERROR;
				CLANG_WARN_SUSPICIOUS_MOVE = YES;
				CLANG_WARN_UNREACHABLE_CODE = YES;
				CLANG_WARN__DUPLICATE_METHOD_MATCH = YES;
				"CODE_SIGN_IDENTITY[sdk=iphoneos*]" = "iPhone Developer";
				COPY_PHASE_STRIP = NO;
				DEBUG_INFORMATION_FORMAT = "dwarf-with-dsym";
				ENABLE_NS_ASSERTIONS = NO;
				ENABLE_STRICT_OBJC_MSGSEND = YES;
				GCC_C_LANGUAGE_STANDARD = gnu99;
				GCC_NO_COMMON_BLOCKS = YES;
				GCC_WARN_64_TO_32_BIT_CONVERSION = YES;
				GCC_WARN_ABOUT_RETURN_TYPE = YES_ERROR;
				GCC_WARN_UNDECLARED_SELECTOR = YES;
				GCC_WARN_UNINITIALIZED_AUTOS = YES_AGGRESSIVE;
				GCC_WARN_UNUSED_FUNCTION = YES;
				GCC_WARN_UNUSED_VARIABLE = YES;
				IPHONEOS_DEPLOYMENT_TARGET = 10.3;
				MTL_ENABLE_DEBUG_INFO = NO;
				SDKROOT = iphoneos;
				SWIFT_OPTIMIZATION_LEVEL = "-Owholemodule";
				TARGETED_DEVICE_FAMILY = "1,2";
				VALIDATE_PRODUCT = YES;
			};
			name = Release;
		};
		9CC383D11EAAD80C00C406A0 /* Debug */ = {
			isa = XCBuildConfiguration;
			buildSettings = {
				ASSETCATALOG_COMPILER_APPICON_NAME = AppIcon;
				INFOPLIST_FILE = SocketChat/Info.plist;
				LD_RUNPATH_SEARCH_PATHS = "$(inherited) @executable_path/Frameworks";
				PRODUCT_BUNDLE_IDENTIFIER = myron.SocketChat;
				PRODUCT_NAME = "$(TARGET_NAME)";
				SWIFT_VERSION = 3.0;
			};
			name = Debug;
		};
		9CC383D21EAAD80C00C406A0 /* Release */ = {
			isa = XCBuildConfiguration;
			buildSettings = {
				ASSETCATALOG_COMPILER_APPICON_NAME = AppIcon;
				INFOPLIST_FILE = SocketChat/Info.plist;
				LD_RUNPATH_SEARCH_PATHS = "$(inherited) @executable_path/Frameworks";
				PRODUCT_BUNDLE_IDENTIFIER = myron.SocketChat;
				PRODUCT_NAME = "$(TARGET_NAME)";
				SWIFT_VERSION = 3.0;
			};
			name = Release;
		};
/* End XCBuildConfiguration section */

/* Begin XCConfigurationList section */
		9CC383B91EAAD80C00C406A0 /* Build configuration list for PBXProject "SocketChat" */ = {
			isa = XCConfigurationList;
			buildConfigurations = (
				9CC383CE1EAAD80C00C406A0 /* Debug */,
				9CC383CF1EAAD80C00C406A0 /* Release */,
			);
			defaultConfigurationIsVisible = 0;
			defaultConfigurationName = Release;
		};
		9CC383D01EAAD80C00C406A0 /* Build configuration list for PBXNativeTarget "SocketChat" */ = {
			isa = XCConfigurationList;
			buildConfigurations = (
				9CC383D11EAAD80C00C406A0 /* Debug */,
				9CC383D21EAAD80C00C406A0 /* Release */,
			);
			defaultConfigurationIsVisible = 0;
			defaultConfigurationName = Release;
		};
/* End XCConfigurationList section */
	};
	rootObject = 9CC383B61EAAD80C00C406A0 /* Project object */;
}
